// !$*UTF8*$!
{
	archiveVersion = 1;
	classes = {
	};
	objectVersion = 56;
	objects = {

/* Begin PBXBuildFile section */
		C9942C1E2A63F93E0097C3BE /* HealthPoCAppApp.swift in Sources */ = {isa = PBXBuildFile; fileRef = C9942C1D2A63F93E0097C3BE /* HealthPoCAppApp.swift */; };
		C9942C202A63F93E0097C3BE /* MainAppView.swift in Sources */ = {isa = PBXBuildFile; fileRef = C9942C1F2A63F93E0097C3BE /* MainAppView.swift */; };
		C9942C222A63F93F0097C3BE /* Assets.xcassets in Resources */ = {isa = PBXBuildFile; fileRef = C9942C212A63F93F0097C3BE /* Assets.xcassets */; };
		C9942C252A63F93F0097C3BE /* Preview Assets.xcassets in Resources */ = {isa = PBXBuildFile; fileRef = C9942C242A63F93F0097C3BE /* Preview Assets.xcassets */; };
		C9942C2D2A63FB3E0097C3BE /* HomeView.swift in Sources */ = {isa = PBXBuildFile; fileRef = C9942C2C2A63FB3E0097C3BE /* HomeView.swift */; };
		C9942C322A63FBB50097C3BE /* MeasurementsView.swift in Sources */ = {isa = PBXBuildFile; fileRef = C9942C312A63FBB50097C3BE /* MeasurementsView.swift */; };
		C9942C342A63FBC00097C3BE /* PlanView.swift in Sources */ = {isa = PBXBuildFile; fileRef = C9942C332A63FBC00097C3BE /* PlanView.swift */; };
		C9942C362A63FBC80097C3BE /* MoreView.swift in Sources */ = {isa = PBXBuildFile; fileRef = C9942C352A63FBC80097C3BE /* MoreView.swift */; };
		C9942C3D2A6406880097C3BE /* ColorExtension.swift in Sources */ = {isa = PBXBuildFile; fileRef = C9942C3C2A6406880097C3BE /* ColorExtension.swift */; };
		C9CDBFBF2A640C47008EA24B /* HomeViewViewModel.swift in Sources */ = {isa = PBXBuildFile; fileRef = C9CDBFBE2A640C47008EA24B /* HomeViewViewModel.swift */; };
		C9CDBFC12A640C71008EA24B /* HomeViewLocalizable.swift in Sources */ = {isa = PBXBuildFile; fileRef = C9CDBFC02A640C71008EA24B /* HomeViewLocalizable.swift */; };
		C9CDBFC42A64157A008EA24B /* UserModel.swift in Sources */ = {isa = PBXBuildFile; fileRef = C9CDBFC32A64157A008EA24B /* UserModel.swift */; };
		C9CDBFC62A6415C6008EA24B /* BloodPressureModel.swift in Sources */ = {isa = PBXBuildFile; fileRef = C9CDBFC52A6415C6008EA24B /* BloodPressureModel.swift */; };
		C9CDBFC82A641A59008EA24B /* HealthDataStore.swift in Sources */ = {isa = PBXBuildFile; fileRef = C9CDBFC72A641A59008EA24B /* HealthDataStore.swift */; };
		C9CDBFCA2A641C5B008EA24B /* StringExtension.swift in Sources */ = {isa = PBXBuildFile; fileRef = C9CDBFC92A641C5B008EA24B /* StringExtension.swift */; };
		C9CDBFCD2A642DF9008EA24B /* VitalsContainerView.swift in Sources */ = {isa = PBXBuildFile; fileRef = C9CDBFCC2A642DF9008EA24B /* VitalsContainerView.swift */; };
		C9CDBFCF2A643019008EA24B /* VitalsContainerViewModel.swift in Sources */ = {isa = PBXBuildFile; fileRef = C9CDBFCE2A643018008EA24B /* VitalsContainerViewModel.swift */; };
		C9CDBFD12A643054008EA24B /* VitalsContainerLocalizable.swift in Sources */ = {isa = PBXBuildFile; fileRef = C9CDBFD02A643054008EA24B /* VitalsContainerLocalizable.swift */; };
		C9CDBFD32A646C23008EA24B /* TemparatureModel.swift in Sources */ = {isa = PBXBuildFile; fileRef = C9CDBFD22A646C23008EA24B /* TemparatureModel.swift */; };
		C9CDBFD52A646C6D008EA24B /* BloodSugarModel.swift in Sources */ = {isa = PBXBuildFile; fileRef = C9CDBFD42A646C6D008EA24B /* BloodSugarModel.swift */; };
/* End PBXBuildFile section */

/* Begin PBXFileReference section */
		C9942C1A2A63F93E0097C3BE /* HealthPoCApp.app */ = {isa = PBXFileReference; explicitFileType = wrapper.application; includeInIndex = 0; path = HealthPoCApp.app; sourceTree = BUILT_PRODUCTS_DIR; };
		C9942C1D2A63F93E0097C3BE /* HealthPoCAppApp.swift */ = {isa = PBXFileReference; lastKnownFileType = sourcecode.swift; path = HealthPoCAppApp.swift; sourceTree = "<group>"; };
		C9942C1F2A63F93E0097C3BE /* MainAppView.swift */ = {isa = PBXFileReference; lastKnownFileType = sourcecode.swift; path = MainAppView.swift; sourceTree = "<group>"; };
		C9942C212A63F93F0097C3BE /* Assets.xcassets */ = {isa = PBXFileReference; lastKnownFileType = folder.assetcatalog; path = Assets.xcassets; sourceTree = "<group>"; };
		C9942C242A63F93F0097C3BE /* Preview Assets.xcassets */ = {isa = PBXFileReference; lastKnownFileType = folder.assetcatalog; path = "Preview Assets.xcassets"; sourceTree = "<group>"; };
		C9942C2C2A63FB3E0097C3BE /* HomeView.swift */ = {isa = PBXFileReference; lastKnownFileType = sourcecode.swift; path = HomeView.swift; sourceTree = "<group>"; };
		C9942C312A63FBB50097C3BE /* MeasurementsView.swift */ = {isa = PBXFileReference; lastKnownFileType = sourcecode.swift; path = MeasurementsView.swift; sourceTree = "<group>"; };
		C9942C332A63FBC00097C3BE /* PlanView.swift */ = {isa = PBXFileReference; lastKnownFileType = sourcecode.swift; path = PlanView.swift; sourceTree = "<group>"; };
		C9942C352A63FBC80097C3BE /* MoreView.swift */ = {isa = PBXFileReference; lastKnownFileType = sourcecode.swift; path = MoreView.swift; sourceTree = "<group>"; };
		C9942C3C2A6406880097C3BE /* ColorExtension.swift */ = {isa = PBXFileReference; lastKnownFileType = sourcecode.swift; path = ColorExtension.swift; sourceTree = "<group>"; };
		C9CDBFBE2A640C47008EA24B /* HomeViewViewModel.swift */ = {isa = PBXFileReference; lastKnownFileType = sourcecode.swift; path = HomeViewViewModel.swift; sourceTree = "<group>"; };
		C9CDBFC02A640C71008EA24B /* HomeViewLocalizable.swift */ = {isa = PBXFileReference; lastKnownFileType = sourcecode.swift; path = HomeViewLocalizable.swift; sourceTree = "<group>"; };
		C9CDBFC32A64157A008EA24B /* UserModel.swift */ = {isa = PBXFileReference; lastKnownFileType = sourcecode.swift; path = UserModel.swift; sourceTree = "<group>"; };
		C9CDBFC52A6415C6008EA24B /* BloodPressureModel.swift */ = {isa = PBXFileReference; lastKnownFileType = sourcecode.swift; path = BloodPressureModel.swift; sourceTree = "<group>"; };
		C9CDBFC72A641A59008EA24B /* HealthDataStore.swift */ = {isa = PBXFileReference; lastKnownFileType = sourcecode.swift; path = HealthDataStore.swift; sourceTree = "<group>"; };
		C9CDBFC92A641C5B008EA24B /* StringExtension.swift */ = {isa = PBXFileReference; lastKnownFileType = sourcecode.swift; path = StringExtension.swift; sourceTree = "<group>"; };
		C9CDBFCC2A642DF9008EA24B /* VitalsContainerView.swift */ = {isa = PBXFileReference; lastKnownFileType = sourcecode.swift; path = VitalsContainerView.swift; sourceTree = "<group>"; };
		C9CDBFCE2A643018008EA24B /* VitalsContainerViewModel.swift */ = {isa = PBXFileReference; lastKnownFileType = sourcecode.swift; path = VitalsContainerViewModel.swift; sourceTree = "<group>"; };
		C9CDBFD02A643054008EA24B /* VitalsContainerLocalizable.swift */ = {isa = PBXFileReference; lastKnownFileType = sourcecode.swift; path = VitalsContainerLocalizable.swift; sourceTree = "<group>"; };
		C9CDBFD22A646C23008EA24B /* TemparatureModel.swift */ = {isa = PBXFileReference; lastKnownFileType = sourcecode.swift; path = TemparatureModel.swift; sourceTree = "<group>"; };
		C9CDBFD42A646C6D008EA24B /* BloodSugarModel.swift */ = {isa = PBXFileReference; lastKnownFileType = sourcecode.swift; path = BloodSugarModel.swift; sourceTree = "<group>"; };
/* End PBXFileReference section */

/* Begin PBXFrameworksBuildPhase section */
		C9942C172A63F93E0097C3BE /* Frameworks */ = {
			isa = PBXFrameworksBuildPhase;
			buildActionMask = 2147483647;
			files = (
			);
			runOnlyForDeploymentPostprocessing = 0;
		};
/* End PBXFrameworksBuildPhase section */

/* Begin PBXGroup section */
		C9942C112A63F93E0097C3BE = {
			isa = PBXGroup;
			children = (
				C9942C1C2A63F93E0097C3BE /* HealthPoCApp */,
				C9942C1B2A63F93E0097C3BE /* Products */,
			);
			sourceTree = "<group>";
		};
		C9942C1B2A63F93E0097C3BE /* Products */ = {
			isa = PBXGroup;
			children = (
				C9942C1A2A63F93E0097C3BE /* HealthPoCApp.app */,
			);
			name = Products;
			sourceTree = "<group>";
		};
		C9942C1C2A63F93E0097C3BE /* HealthPoCApp */ = {
			isa = PBXGroup;
			children = (
				C9CDBFC22A64156F008EA24B /* Model */,
				C9942C372A63FDD20097C3BE /* Common */,
				C9942C2B2A63FAAC0097C3BE /* Home */,
				C9942C2E2A63FB8F0097C3BE /* Measurements */,
				C9942C2F2A63FB990097C3BE /* Plan */,
				C9942C302A63FBA10097C3BE /* More */,
				C9942C1D2A63F93E0097C3BE /* HealthPoCAppApp.swift */,
				C9942C1F2A63F93E0097C3BE /* MainAppView.swift */,
				C9CDBFC72A641A59008EA24B /* HealthDataStore.swift */,
				C9942C212A63F93F0097C3BE /* Assets.xcassets */,
				C9942C232A63F93F0097C3BE /* Preview Content */,
			);
			path = HealthPoCApp;
			sourceTree = "<group>";
		};
		C9942C232A63F93F0097C3BE /* Preview Content */ = {
			isa = PBXGroup;
			children = (
				C9942C242A63F93F0097C3BE /* Preview Assets.xcassets */,
			);
			path = "Preview Content";
			sourceTree = "<group>";
		};
		C9942C2B2A63FAAC0097C3BE /* Home */ = {
			isa = PBXGroup;
			children = (
				C9CDBFCB2A642DBA008EA24B /* Components */,
				C9942C2C2A63FB3E0097C3BE /* HomeView.swift */,
				C9CDBFBE2A640C47008EA24B /* HomeViewViewModel.swift */,
				C9CDBFC02A640C71008EA24B /* HomeViewLocalizable.swift */,
			);
			path = Home;
			sourceTree = "<group>";
		};
		C9942C2E2A63FB8F0097C3BE /* Measurements */ = {
			isa = PBXGroup;
			children = (
				C9942C312A63FBB50097C3BE /* MeasurementsView.swift */,
			);
			path = Measurements;
			sourceTree = "<group>";
		};
		C9942C2F2A63FB990097C3BE /* Plan */ = {
			isa = PBXGroup;
			children = (
				C9942C332A63FBC00097C3BE /* PlanView.swift */,
			);
			path = Plan;
			sourceTree = "<group>";
		};
		C9942C302A63FBA10097C3BE /* More */ = {
			isa = PBXGroup;
			children = (
				C9942C352A63FBC80097C3BE /* MoreView.swift */,
			);
			path = More;
			sourceTree = "<group>";
		};
		C9942C372A63FDD20097C3BE /* Common */ = {
			isa = PBXGroup;
			children = (
				C9942C3C2A6406880097C3BE /* ColorExtension.swift */,
				C9CDBFC92A641C5B008EA24B /* StringExtension.swift */,
			);
			path = Common;
			sourceTree = "<group>";
		};
		C9CDBFC22A64156F008EA24B /* Model */ = {
			isa = PBXGroup;
			children = (
				C9CDBFC32A64157A008EA24B /* UserModel.swift */,
				C9CDBFC52A6415C6008EA24B /* BloodPressureModel.swift */,
				C9CDBFD22A646C23008EA24B /* TemparatureModel.swift */,
				C9CDBFD42A646C6D008EA24B /* BloodSugarModel.swift */,
			);
			path = Model;
			sourceTree = "<group>";
		};
		C9CDBFCB2A642DBA008EA24B /* Components */ = {
			isa = PBXGroup;
			children = (
				C9CDBFCC2A642DF9008EA24B /* VitalsContainerView.swift */,
				C9CDBFCE2A643018008EA24B /* VitalsContainerViewModel.swift */,
				C9CDBFD02A643054008EA24B /* VitalsContainerLocalizable.swift */,
			);
			path = Components;
			sourceTree = "<group>";
		};
/* End PBXGroup section */

/* Begin PBXNativeTarget section */
		C9942C192A63F93E0097C3BE /* HealthPoCApp */ = {
			isa = PBXNativeTarget;
			buildConfigurationList = C9942C282A63F93F0097C3BE /* Build configuration list for PBXNativeTarget "HealthPoCApp" */;
			buildPhases = (
				C9942C162A63F93E0097C3BE /* Sources */,
				C9942C172A63F93E0097C3BE /* Frameworks */,
				C9942C182A63F93E0097C3BE /* Resources */,
			);
			buildRules = (
			);
			dependencies = (
			);
			name = HealthPoCApp;
			productName = HealthPoCApp;
			productReference = C9942C1A2A63F93E0097C3BE /* HealthPoCApp.app */;
			productType = "com.apple.product-type.application";
		};
/* End PBXNativeTarget section */

/* Begin PBXProject section */
		C9942C122A63F93E0097C3BE /* Project object */ = {
			isa = PBXProject;
			attributes = {
				BuildIndependentTargetsInParallel = 1;
				LastSwiftUpdateCheck = 1430;
				LastUpgradeCheck = 1430;
				TargetAttributes = {
					C9942C192A63F93E0097C3BE = {
						CreatedOnToolsVersion = 14.3.1;
					};
				};
			};
			buildConfigurationList = C9942C152A63F93E0097C3BE /* Build configuration list for PBXProject "HealthPoCApp" */;
			compatibilityVersion = "Xcode 14.0";
			developmentRegion = en;
			hasScannedForEncodings = 0;
			knownRegions = (
				en,
				Base,
			);
			mainGroup = C9942C112A63F93E0097C3BE;
			productRefGroup = C9942C1B2A63F93E0097C3BE /* Products */;
			projectDirPath = "";
			projectRoot = "";
			targets = (
				C9942C192A63F93E0097C3BE /* HealthPoCApp */,
			);
		};
/* End PBXProject section */

/* Begin PBXResourcesBuildPhase section */
		C9942C182A63F93E0097C3BE /* Resources */ = {
			isa = PBXResourcesBuildPhase;
			buildActionMask = 2147483647;
			files = (
				C9942C252A63F93F0097C3BE /* Preview Assets.xcassets in Resources */,
				C9942C222A63F93F0097C3BE /* Assets.xcassets in Resources */,
			);
			runOnlyForDeploymentPostprocessing = 0;
		};
/* End PBXResourcesBuildPhase section */

/* Begin PBXSourcesBuildPhase section */
		C9942C162A63F93E0097C3BE /* Sources */ = {
			isa = PBXSourcesBuildPhase;
			buildActionMask = 2147483647;
			files = (
				C9942C2D2A63FB3E0097C3BE /* HomeView.swift in Sources */,
				C9CDBFCD2A642DF9008EA24B /* VitalsContainerView.swift in Sources */,
				C9942C362A63FBC80097C3BE /* MoreView.swift in Sources */,
				C9CDBFD32A646C23008EA24B /* TemparatureModel.swift in Sources */,
				C9CDBFBF2A640C47008EA24B /* HomeViewViewModel.swift in Sources */,
				C9942C322A63FBB50097C3BE /* MeasurementsView.swift in Sources */,
				C9942C202A63F93E0097C3BE /* MainAppView.swift in Sources */,
				C9CDBFD12A643054008EA24B /* VitalsContainerLocalizable.swift in Sources */,
				C9942C1E2A63F93E0097C3BE /* HealthPoCAppApp.swift in Sources */,
				C9CDBFC12A640C71008EA24B /* HomeViewLocalizable.swift in Sources */,
				C9CDBFC62A6415C6008EA24B /* BloodPressureModel.swift in Sources */,
				C9CDBFCF2A643019008EA24B /* VitalsContainerViewModel.swift in Sources */,
				C9942C3D2A6406880097C3BE /* ColorExtension.swift in Sources */,
				C9CDBFC82A641A59008EA24B /* HealthDataStore.swift in Sources */,
				C9CDBFC42A64157A008EA24B /* UserModel.swift in Sources */,
				C9CDBFCA2A641C5B008EA24B /* StringExtension.swift in Sources */,
				C9942C342A63FBC00097C3BE /* PlanView.swift in Sources */,
				C9CDBFD52A646C6D008EA24B /* BloodSugarModel.swift in Sources */,
			);
			runOnlyForDeploymentPostprocessing = 0;
		};
/* End PBXSourcesBuildPhase section */

/* Begin XCBuildConfiguration section */
		C9942C262A63F93F0097C3BE /* Debug */ = {
			isa = XCBuildConfiguration;
			buildSettings = {
				ALWAYS_SEARCH_USER_PATHS = NO;
				CLANG_ANALYZER_NONNULL = YES;
				CLANG_ANALYZER_NUMBER_OBJECT_CONVERSION = YES_AGGRESSIVE;
				CLANG_CXX_LANGUAGE_STANDARD = "gnu++20";
				CLANG_ENABLE_MODULES = YES;
				CLANG_ENABLE_OBJC_ARC = YES;
				CLANG_ENABLE_OBJC_WEAK = YES;
				CLANG_WARN_BLOCK_CAPTURE_AUTORELEASING = YES;
				CLANG_WARN_BOOL_CONVERSION = YES;
				CLANG_WARN_COMMA = YES;
				CLANG_WARN_CONSTANT_CONVERSION = YES;
				CLANG_WARN_DEPRECATED_OBJC_IMPLEMENTATIONS = YES;
				CLANG_WARN_DIRECT_OBJC_ISA_USAGE = YES_ERROR;
				CLANG_WARN_DOCUMENTATION_COMMENTS = YES;
				CLANG_WARN_EMPTY_BODY = YES;
				CLANG_WARN_ENUM_CONVERSION = YES;
				CLANG_WARN_INFINITE_RECURSION = YES;
				CLANG_WARN_INT_CONVERSION = YES;
				CLANG_WARN_NON_LITERAL_NULL_CONVERSION = YES;
				CLANG_WARN_OBJC_IMPLICIT_RETAIN_SELF = YES;
				CLANG_WARN_OBJC_LITERAL_CONVERSION = YES;
				CLANG_WARN_OBJC_ROOT_CLASS = YES_ERROR;
				CLANG_WARN_QUOTED_INCLUDE_IN_FRAMEWORK_HEADER = YES;
				CLANG_WARN_RANGE_LOOP_ANALYSIS = YES;
				CLANG_WARN_STRICT_PROTOTYPES = YES;
				CLANG_WARN_SUSPICIOUS_MOVE = YES;
				CLANG_WARN_UNGUARDED_AVAILABILITY = YES_AGGRESSIVE;
				CLANG_WARN_UNREACHABLE_CODE = YES;
				CLANG_WARN__DUPLICATE_METHOD_MATCH = YES;
				COPY_PHASE_STRIP = NO;
				DEBUG_INFORMATION_FORMAT = dwarf;
				ENABLE_STRICT_OBJC_MSGSEND = YES;
				ENABLE_TESTABILITY = YES;
				GCC_C_LANGUAGE_STANDARD = gnu11;
				GCC_DYNAMIC_NO_PIC = NO;
				GCC_NO_COMMON_BLOCKS = YES;
				GCC_OPTIMIZATION_LEVEL = 0;
				GCC_PREPROCESSOR_DEFINITIONS = (
					"DEBUG=1",
					"$(inherited)",
				);
				GCC_WARN_64_TO_32_BIT_CONVERSION = YES;
				GCC_WARN_ABOUT_RETURN_TYPE = YES_ERROR;
				GCC_WARN_UNDECLARED_SELECTOR = YES;
				GCC_WARN_UNINITIALIZED_AUTOS = YES_AGGRESSIVE;
				GCC_WARN_UNUSED_FUNCTION = YES;
				GCC_WARN_UNUSED_VARIABLE = YES;
				IPHONEOS_DEPLOYMENT_TARGET = 16.4;
				MTL_ENABLE_DEBUG_INFO = INCLUDE_SOURCE;
				MTL_FAST_MATH = YES;
				ONLY_ACTIVE_ARCH = YES;
				SDKROOT = iphoneos;
				SWIFT_ACTIVE_COMPILATION_CONDITIONS = DEBUG;
				SWIFT_OPTIMIZATION_LEVEL = "-Onone";
			};
			name = Debug;
		};
		C9942C272A63F93F0097C3BE /* Release */ = {
			isa = XCBuildConfiguration;
			buildSettings = {
				ALWAYS_SEARCH_USER_PATHS = NO;
				CLANG_ANALYZER_NONNULL = YES;
				CLANG_ANALYZER_NUMBER_OBJECT_CONVERSION = YES_AGGRESSIVE;
				CLANG_CXX_LANGUAGE_STANDARD = "gnu++20";
				CLANG_ENABLE_MODULES = YES;
				CLANG_ENABLE_OBJC_ARC = YES;
				CLANG_ENABLE_OBJC_WEAK = YES;
				CLANG_WARN_BLOCK_CAPTURE_AUTORELEASING = YES;
				CLANG_WARN_BOOL_CONVERSION = YES;
				CLANG_WARN_COMMA = YES;
				CLANG_WARN_CONSTANT_CONVERSION = YES;
				CLANG_WARN_DEPRECATED_OBJC_IMPLEMENTATIONS = YES;
				CLANG_WARN_DIRECT_OBJC_ISA_USAGE = YES_ERROR;
				CLANG_WARN_DOCUMENTATION_COMMENTS = YES;
				CLANG_WARN_EMPTY_BODY = YES;
				CLANG_WARN_ENUM_CONVERSION = YES;
				CLANG_WARN_INFINITE_RECURSION = YES;
				CLANG_WARN_INT_CONVERSION = YES;
				CLANG_WARN_NON_LITERAL_NULL_CONVERSION = YES;
				CLANG_WARN_OBJC_IMPLICIT_RETAIN_SELF = YES;
				CLANG_WARN_OBJC_LITERAL_CONVERSION = YES;
				CLANG_WARN_OBJC_ROOT_CLASS = YES_ERROR;
				CLANG_WARN_QUOTED_INCLUDE_IN_FRAMEWORK_HEADER = YES;
				CLANG_WARN_RANGE_LOOP_ANALYSIS = YES;
				CLANG_WARN_STRICT_PROTOTYPES = YES;
				CLANG_WARN_SUSPICIOUS_MOVE = YES;
				CLANG_WARN_UNGUARDED_AVAILABILITY = YES_AGGRESSIVE;
				CLANG_WARN_UNREACHABLE_CODE = YES;
				CLANG_WARN__DUPLICATE_METHOD_MATCH = YES;
				COPY_PHASE_STRIP = NO;
				DEBUG_INFORMATION_FORMAT = "dwarf-with-dsym";
				ENABLE_NS_ASSERTIONS = NO;
				ENABLE_STRICT_OBJC_MSGSEND = YES;
				GCC_C_LANGUAGE_STANDARD = gnu11;
				GCC_NO_COMMON_BLOCKS = YES;
				GCC_WARN_64_TO_32_BIT_CONVERSION = YES;
				GCC_WARN_ABOUT_RETURN_TYPE = YES_ERROR;
				GCC_WARN_UNDECLARED_SELECTOR = YES;
				GCC_WARN_UNINITIALIZED_AUTOS = YES_AGGRESSIVE;
				GCC_WARN_UNUSED_FUNCTION = YES;
				GCC_WARN_UNUSED_VARIABLE = YES;
				IPHONEOS_DEPLOYMENT_TARGET = 16.4;
				MTL_ENABLE_DEBUG_INFO = NO;
				MTL_FAST_MATH = YES;
				SDKROOT = iphoneos;
				SWIFT_COMPILATION_MODE = wholemodule;
				SWIFT_OPTIMIZATION_LEVEL = "-O";
				VALIDATE_PRODUCT = YES;
			};
			name = Release;
		};
		C9942C292A63F93F0097C3BE /* Debug */ = {
			isa = XCBuildConfiguration;
			buildSettings = {
				ASSETCATALOG_COMPILER_APPICON_NAME = AppIcon;
				ASSETCATALOG_COMPILER_GLOBAL_ACCENT_COLOR_NAME = AccentColor;
				CODE_SIGN_STYLE = Automatic;
				CURRENT_PROJECT_VERSION = 1;
				DEVELOPMENT_ASSET_PATHS = "\"HealthPoCApp/Preview Content\"";
				ENABLE_PREVIEWS = YES;
				GENERATE_INFOPLIST_FILE = YES;
				INFOPLIST_KEY_UIApplicationSceneManifest_Generation = YES;
				INFOPLIST_KEY_UIApplicationSupportsIndirectInputEvents = YES;
				INFOPLIST_KEY_UILaunchScreen_Generation = YES;
				INFOPLIST_KEY_UISupportedInterfaceOrientations = UIInterfaceOrientationPortrait;
				LD_RUNPATH_SEARCH_PATHS = (
					"$(inherited)",
					"@executable_path/Frameworks",
				);
				MARKETING_VERSION = 1.0;
				PRODUCT_BUNDLE_IDENTIFIER = com.example.HealthPoCApp;
				PRODUCT_NAME = "$(TARGET_NAME)";
				SUPPORTED_PLATFORMS = "iphoneos iphonesimulator";
				SUPPORTS_MACCATALYST = NO;
				SUPPORTS_MAC_DESIGNED_FOR_IPHONE_IPAD = YES;
				SWIFT_EMIT_LOC_STRINGS = YES;
				SWIFT_VERSION = 5.0;
				TARGETED_DEVICE_FAMILY = 1;
			};
			name = Debug;
		};
		C9942C2A2A63F93F0097C3BE /* Release */ = {
			isa = XCBuildConfiguration;
			buildSettings = {
				ASSETCATALOG_COMPILER_APPICON_NAME = AppIcon;
				ASSETCATALOG_COMPILER_GLOBAL_ACCENT_COLOR_NAME = AccentColor;
				CODE_SIGN_STYLE = Automatic;
				CURRENT_PROJECT_VERSION = 1;
				DEVELOPMENT_ASSET_PATHS = "\"HealthPoCApp/Preview Content\"";
				ENABLE_PREVIEWS = YES;
				GENERATE_INFOPLIST_FILE = YES;
				INFOPLIST_KEY_UIApplicationSceneManifest_Generation = YES;
				INFOPLIST_KEY_UIApplicationSupportsIndirectInputEvents = YES;
				INFOPLIST_KEY_UILaunchScreen_Generation = YES;
				INFOPLIST_KEY_UISupportedInterfaceOrientations = UIInterfaceOrientationPortrait;
				LD_RUNPATH_SEARCH_PATHS = (
					"$(inherited)",
					"@executable_path/Frameworks",
				);
				MARKETING_VERSION = 1.0;
				PRODUCT_BUNDLE_IDENTIFIER = com.example.HealthPoCApp;
				PRODUCT_NAME = "$(TARGET_NAME)";
				SUPPORTED_PLATFORMS = "iphoneos iphonesimulator";
				SUPPORTS_MACCATALYST = NO;
				SUPPORTS_MAC_DESIGNED_FOR_IPHONE_IPAD = YES;
				SWIFT_EMIT_LOC_STRINGS = YES;
				SWIFT_VERSION = 5.0;
				TARGETED_DEVICE_FAMILY = 1;
			};
			name = Release;
		};
/* End XCBuildConfiguration section */

/* Begin XCConfigurationList section */
		C9942C152A63F93E0097C3BE /* Build configuration list for PBXProject "HealthPoCApp" */ = {
			isa = XCConfigurationList;
			buildConfigurations = (
				C9942C262A63F93F0097C3BE /* Debug */,
				C9942C272A63F93F0097C3BE /* Release */,
			);
			defaultConfigurationIsVisible = 0;
			defaultConfigurationName = Release;
		};
		C9942C282A63F93F0097C3BE /* Build configuration list for PBXNativeTarget "HealthPoCApp" */ = {
			isa = XCConfigurationList;
			buildConfigurations = (
				C9942C292A63F93F0097C3BE /* Debug */,
				C9942C2A2A63F93F0097C3BE /* Release */,
			);
			defaultConfigurationIsVisible = 0;
			defaultConfigurationName = Release;
		};
/* End XCConfigurationList section */
	};
	rootObject = C9942C122A63F93E0097C3BE /* Project object */;
}
